Microsoft Visual Studio Solution File, Format Version 12.00
# Visual Studio Version 17
VisualStudioVersion = 17.5.2.0
MinimumVisualStudioVersion = 10.0.40219.1
Project("{FAE04EC0-301F-11D3-BF4B-00C04F79EFBC}") = "BatchLauncher", "BatchLauncher\BatchLauncher.csproj", "{34493FE3-3401-51DE-6614-75A56E3F34F1}"
EndProject
Project("{2150E333-8FDC-42A3-9474-1A3956D46DE8}") = "terminal", "terminal", "{4C0482E4-904A-EF8E-F2AA-9B6692CE4C3A}"
EndProject
Project("{2150E333-8FDC-42A3-9474-1A3956D46DE8}") = "samples", "samples", "{D2C37D0D-6818-8C61-4D94-84FB7FBC9E4D}"
EndProject
Project("{2150E333-8FDC-42A3-9474-1A3956D46DE8}") = "ReadConsoleInputStream", "ReadConsoleInputStream", "{E41BF75D-8408-6CD8-D898-0636267277C9}"
EndProject
Project("{FAE04EC0-301F-11D3-BF4B-00C04F79EFBC}") = "ReadConsoleInputStreamDemo", "terminal\samples\ReadConsoleInputStream\ReadConsoleInputStreamDemo.csproj", "{B5BD9648-86C0-3BA6-E423-4FA6C277D393}"
EndProject
Project("{2150E333-8FDC-42A3-9474-1A3956D46DE8}") = "src", "src", "{2CCD9866-0DB9-7214-21B2-1DB11802CECD}"
EndProject
Project("{2150E333-8FDC-42A3-9474-1A3956D46DE8}") = "cascadia", "cascadia", "{E2DCA6F8-F5D8-C42C-327A-DFE21D0BB3C2}"
EndProject
Project("{2150E333-8FDC-42A3-9474-1A3956D46DE8}") = "WindowsTerminal_UIATests", "WindowsTerminal_UIATests", "{C7F5EFEA-69EC-B825-13C3-AAFEEDE58DC3}"
EndProject
Project("{FAE04EC0-301F-11D3-BF4B-00C04F79EFBC}") = "WindowsTerminal.UIA.Tests", "terminal\src\cascadia\WindowsTerminal_UIATests\WindowsTerminal.UIA.Tests.csproj", "{2F0745AB-E6BF-FDF2-A091-3CA4B53B842D}"
EndProject
Project("{FAE04EC0-301F-11D3-BF4B-00C04F79EFBC}") = "WpfTerminalControl", "terminal\src\cascadia\WpfTerminalControl\WpfTerminalControl.csproj", "{D2047BE0-7BB9-B77F-8F5D-FC67E340AC4B}"
EndProject
Project("{FAE04EC0-301F-11D3-BF4B-00C04F79EFBC}") = "WpfTerminalTestNetCore", "terminal\src\cascadia\WpfTerminalTestNetCore\WpfTerminalTestNetCore.csproj", "{E92A56BB-A6A2-70D4-225E-A1A77CC49F80}"
EndProject
Project("{2150E333-8FDC-42A3-9474-1A3956D46DE8}") = "host", "host", "{21C7C542-93A1-B336-EEF4-95D7B1822F42}"
EndProject
Project("{2150E333-8FDC-42A3-9474-1A3956D46DE8}") = "ft_uia", "ft_uia", "{8D886523-6296-70AD-9B66-96ECF1E1D161}"
EndProject
Project("{FAE04EC0-301F-11D3-BF4B-00C04F79EFBC}") = "Host.Tests.UIA", "terminal\src\host\ft_uia\Host.Tests.UIA.csproj", "{87279B84-C926-B2C3-DC87-FF8C43FF8617}"
EndProject
Project("{2150E333-8FDC-42A3-9474-1A3956D46DE8}") = "tools", "tools", "{44527861-6731-C18A-6E3C-CA1476801D8F}"
EndProject
Project("{FAE04EC0-301F-11D3-BF4B-00C04F79EFBC}") = "GraphemeTableGen", "terminal\src\tools\GraphemeTableGen\GraphemeTableGen.csproj", "{9CCE8B31-685B-1A82-9C53-54F5B0AB1533}"
EndProject
Project("{FAE04EC0-301F-11D3-BF4B-00C04F79EFBC}") = "GraphemeTestTableGen", "terminal\src\tools\GraphemeTestTableGen\GraphemeTestTableGen.csproj", "{41C6D854-2E7D-1E2E-A47F-121EC711779B}"
EndProject
Project("{FAE04EC0-301F-11D3-BF4B-00C04F79EFBC}") = "TerminalStress", "terminal\src\tools\TerminalStress\TerminalStress.csproj", "{CAAF037F-C573-0105-BD94-B96C958C1CE7}"
EndProject
Project("{FAE04EC0-301F-11D3-BF4B-00C04F79EFBC}") = "VTApp", "terminal\src\tools\vtapp\VTApp.csproj", "{B9E5F55A-3E86-8498-CFFB-27B21DEADF42}"
EndProject
Project("{2150E333-8FDC-42A3-9474-1A3956D46DE8}") = "ConPTY", "ConPTY", "{BE2DB5E9-8325-BD0A-5C16-F743F82478B3}"
EndProject
Project("{2150E333-8FDC-42A3-9474-1A3956D46DE8}") = "GUIConsole", "GUIConsole", "{05FB4B64-E60C-5711-88C6-A321F1F74EF8}"
EndProject
Project("{FAE04EC0-301F-11D3-BF4B-00C04F79EFBC}") = "GUIConsole.ConPTY", "terminal\samples\ConPTY\GUIConsole\GUIConsole.ConPTY\GUIConsole.ConPTY.csproj", "{F200D479-8B81-3DDF-208F-DD24F4C48DD1}"
EndProject
Project("{FAE04EC0-301F-11D3-BF4B-00C04F79EFBC}") = "GUIConsole.WPF", "terminal\samples\ConPTY\GUIConsole\GUIConsole.WPF\GUIConsole.WPF.csproj", "{FC231668-0010-1500-9348-2864DC39CEC4}"
EndProject
Project("{2150E333-8FDC-42A3-9474-1A3956D46DE8}") = "MiniTerm", "MiniTerm", "{F2225AED-F5D1-87BB-0C08-A88F28D92F21}"
EndProject
Project("{FAE04EC0-301F-11D3-BF4B-00C04F79EFBC}") = "MiniTerm", "terminal\samples\ConPTY\MiniTerm\MiniTerm\MiniTerm.csproj", "{024419C1-156F-7D00-0E6A-897D5CF1E6A2}"
EndProject
Project("{2150E333-8FDC-42A3-9474-1A3956D46DE8}") = "ColorTool", "ColorTool", "{F161D514-0840-AAF3-38AA-E1F6EE79A62F}"
EndProject
Project("{FAE04EC0-301F-11D3-BF4B-00C04F79EFBC}") = "ColorTool", "terminal\src\tools\ColorTool\ColorTool\ColorTool.csproj", "{F16F7805-4CD8-C0FA-1BAE-3C3BE71B69F8}"
EndProject
Project("{2150E333-8FDC-42A3-9474-1A3956D46DE8}") = "Backup", "Backup", "{06E28C1B-BBE6-6F65-EDBE-D7D425E919AA}"
EndProject
Project("{FAE04EC0-301F-11D3-BF4B-00C04F79EFBC}") = "GUIConsole.WPF", "terminal\samples\ConPTY\GUIConsole\Backup\GUIConsole.WPF\GUIConsole.WPF.csproj", "{81AC9307-8EF5-15C5-23D1-9848381B98A6}"
EndProject
Project("{2150E333-8FDC-42A3-9474-1A3956D46DE8}") = "Backup", "Backup", "{1F9CDF19-E899-5F7B-C4E1-A3C92B966748}"
EndProject
Project("{FAE04EC0-301F-11D3-BF4B-00C04F79EFBC}") = "MiniTerm", "terminal\samples\ConPTY\MiniTerm\Backup\MiniTerm\MiniTerm.csproj", "{8B1D835C-C9BD-FD01-AD19-DF2DE0857527}"
EndProject
Global
	GlobalSection(SolutionConfigurationPlatforms) = preSolution
		Debug|Any CPU = Debug|Any CPU
		Release|Any CPU = Release|Any CPU
	EndGlobalSection
	GlobalSection(ProjectConfigurationPlatforms) = postSolution
		{34493FE3-3401-51DE-6614-75A56E3F34F1}.Debug|Any CPU.ActiveCfg = Debug|Any CPU
		{34493FE3-3401-51DE-6614-75A56E3F34F1}.Debug|Any CPU.Build.0 = Debug|Any CPU
		{34493FE3-3401-51DE-6614-75A56E3F34F1}.Release|Any CPU.ActiveCfg = Release|Any CPU
		{34493FE3-3401-51DE-6614-75A56E3F34F1}.Release|Any CPU.Build.0 = Release|Any CPU
		{B5BD9648-86C0-3BA6-E423-4FA6C277D393}.Debug|Any CPU.ActiveCfg = Debug|Any CPU
		{B5BD9648-86C0-3BA6-E423-4FA6C277D393}.Debug|Any CPU.Build.0 = Debug|Any CPU
		{B5BD9648-86C0-3BA6-E423-4FA6C277D393}.Release|Any CPU.ActiveCfg = Release|Any CPU
		{B5BD9648-86C0-3BA6-E423-4FA6C277D393}.Release|Any CPU.Build.0 = Release|Any CPU
		{2F0745AB-E6BF-FDF2-A091-3CA4B53B842D}.Debug|Any CPU.ActiveCfg = Debug|Any CPU
		{2F0745AB-E6BF-FDF2-A091-3CA4B53B842D}.Debug|Any CPU.Build.0 = Debug|Any CPU
		{2F0745AB-E6BF-FDF2-A091-3CA4B53B842D}.Release|Any CPU.ActiveCfg = Release|Any CPU
		{2F0745AB-E6BF-FDF2-A091-3CA4B53B842D}.Release|Any CPU.Build.0 = Release|Any CPU
		{D2047BE0-7BB9-B77F-8F5D-FC67E340AC4B}.Debug|Any CPU.ActiveCfg = Debug|Any CPU
		{D2047BE0-7BB9-B77F-8F5D-FC67E340AC4B}.Debug|Any CPU.Build.0 = Debug|Any CPU
		{D2047BE0-7BB9-B77F-8F5D-FC67E340AC4B}.Release|Any CPU.ActiveCfg = Release|Any CPU
		{D2047BE0-7BB9-B77F-8F5D-FC67E340AC4B}.Release|Any CPU.Build.0 = Release|Any CPU
		{E92A56BB-A6A2-70D4-225E-A1A77CC49F80}.Debug|Any CPU.ActiveCfg = Debug|Any CPU
		{E92A56BB-A6A2-70D4-225E-A1A77CC49F80}.Debug|Any CPU.Build.0 = Debug|Any CPU
		{E92A56BB-A6A2-70D4-225E-A1A77CC49F80}.Release|Any CPU.ActiveCfg = Release|Any CPU
		{E92A56BB-A6A2-70D4-225E-A1A77CC49F80}.Release|Any CPU.Build.0 = Release|Any CPU
		{87279B84-C926-B2C3-DC87-FF8C43FF8617}.Debug|Any CPU.ActiveCfg = Debug|Any CPU
		{87279B84-C926-B2C3-DC87-FF8C43FF8617}.Debug|Any CPU.Build.0 = Debug|Any CPU
		{87279B84-C926-B2C3-DC87-FF8C43FF8617}.Release|Any CPU.ActiveCfg = Release|Any CPU
		{87279B84-C926-B2C3-DC87-FF8C43FF8617}.Release|Any CPU.Build.0 = Release|Any CPU
		{9CCE8B31-685B-1A82-9C53-54F5B0AB1533}.Debug|Any CPU.ActiveCfg = Debug|Any CPU
		{9CCE8B31-685B-1A82-9C53-54F5B0AB1533}.Debug|Any CPU.Build.0 = Debug|Any CPU
		{9CCE8B31-685B-1A82-9C53-54F5B0AB1533}.Release|Any CPU.ActiveCfg = Release|Any CPU
		{9CCE8B31-685B-1A82-9C53-54F5B0AB1533}.Release|Any CPU.Build.0 = Release|Any CPU
		{41C6D854-2E7D-1E2E-A47F-121EC711779B}.Debug|Any CPU.ActiveCfg = Debug|Any CPU
		{41C6D854-2E7D-1E2E-A47F-121EC711779B}.Debug|Any CPU.Build.0 = Debug|Any CPU
		{41C6D854-2E7D-1E2E-A47F-121EC711779B}.Release|Any CPU.ActiveCfg = Release|Any CPU
		{41C6D854-2E7D-1E2E-A47F-121EC711779B}.Release|Any CPU.Build.0 = Release|Any CPU
		{CAAF037F-C573-0105-BD94-B96C958C1CE7}.Debug|Any CPU.ActiveCfg = Debug|Any CPU
		{CAAF037F-C573-0105-BD94-B96C958C1CE7}.Debug|Any CPU.Build.0 = Debug|Any CPU
		{CAAF037F-C573-0105-BD94-B96C958C1CE7}.Release|Any CPU.ActiveCfg = Release|Any CPU
		{CAAF037F-C573-0105-BD94-B96C958C1CE7}.Release|Any CPU.Build.0 = Release|Any CPU
		{B9E5F55A-3E86-8498-CFFB-27B21DEADF42}.Debug|Any CPU.ActiveCfg = Debug|Any CPU
		{B9E5F55A-3E86-8498-CFFB-27B21DEADF42}.Debug|Any CPU.Build.0 = Debug|Any CPU
		{B9E5F55A-3E86-8498-CFFB-27B21DEADF42}.Release|Any CPU.ActiveCfg = Release|Any CPU
		{B9E5F55A-3E86-8498-CFFB-27B21DEADF42}.Release|Any CPU.Build.0 = Release|Any CPU
		{F200D479-8B81-3DDF-208F-DD24F4C48DD1}.Debug|Any CPU.ActiveCfg = Debug|Any CPU
		{F200D479-8B81-3DDF-208F-DD24F4C48DD1}.Debug|Any CPU.Build.0 = Debug|Any CPU
		{F200D479-8B81-3DDF-208F-DD24F4C48DD1}.Release|Any CPU.ActiveCfg = Release|Any CPU
		{F200D479-8B81-3DDF-208F-DD24F4C48DD1}.Release|Any CPU.Build.0 = Release|Any CPU
		{FC231668-0010-1500-9348-2864DC39CEC4}.Debug|Any CPU.ActiveCfg = Debug|Any CPU
		{FC231668-0010-1500-9348-2864DC39CEC4}.Debug|Any CPU.Build.0 = Debug|Any CPU
		{FC231668-0010-1500-9348-2864DC39CEC4}.Release|Any CPU.ActiveCfg = Release|Any CPU
		{FC231668-0010-1500-9348-2864DC39CEC4}.Release|Any CPU.Build.0 = Release|Any CPU
		{024419C1-156F-7D00-0E6A-897D5CF1E6A2}.Debug|Any CPU.ActiveCfg = Debug|Any CPU
		{024419C1-156F-7D00-0E6A-897D5CF1E6A2}.Debug|Any CPU.Build.0 = Debug|Any CPU
		{024419C1-156F-7D00-0E6A-897D5CF1E6A2}.Release|Any CPU.ActiveCfg = Release|Any CPU
		{024419C1-156F-7D00-0E6A-897D5CF1E6A2}.Release|Any CPU.Build.0 = Release|Any CPU
		{F16F7805-4CD8-C0FA-1BAE-3C3BE71B69F8}.Debug|Any CPU.ActiveCfg = Debug|Any CPU
		{F16F7805-4CD8-C0FA-1BAE-3C3BE71B69F8}.Debug|Any CPU.Build.0 = Debug|Any CPU
		{F16F7805-4CD8-C0FA-1BAE-3C3BE71B69F8}.Release|Any CPU.ActiveCfg = Release|Any CPU
		{F16F7805-4CD8-C0FA-1BAE-3C3BE71B69F8}.Release|Any CPU.Build.0 = Release|Any CPU
		{81AC9307-8EF5-15C5-23D1-9848381B98A6}.Debug|Any CPU.ActiveCfg = Debug|Any CPU
		{81AC9307-8EF5-15C5-23D1-9848381B98A6}.Debug|Any CPU.Build.0 = Debug|Any CPU
		{81AC9307-8EF5-15C5-23D1-9848381B98A6}.Release|Any CPU.ActiveCfg = Release|Any CPU
		{81AC9307-8EF5-15C5-23D1-9848381B98A6}.Release|Any CPU.Build.0 = Release|Any CPU
		{8B1D835C-C9BD-FD01-AD19-DF2DE0857527}.Debug|Any CPU.ActiveCfg = Debug|Any CPU
		{8B1D835C-C9BD-FD01-AD19-DF2DE0857527}.Debug|Any CPU.Build.0 = Debug|Any CPU
		{8B1D835C-C9BD-FD01-AD19-DF2DE0857527}.Release|Any CPU.ActiveCfg = Release|Any CPU
		{8B1D835C-C9BD-FD01-AD19-DF2DE0857527}.Release|Any CPU.Build.0 = Release|Any CPU
	EndGlobalSection
	GlobalSection(SolutionProperties) = preSolution
		HideSolutionNode = FALSE
	EndGlobalSection
	GlobalSection(NestedProjects) = preSolution
		{D2C37D0D-6818-8C61-4D94-84FB7FBC9E4D} = {4C0482E4-904A-EF8E-F2AA-9B6692CE4C3A}
		{E41BF75D-8408-6CD8-D898-0636267277C9} = {D2C37D0D-6818-8C61-4D94-84FB7FBC9E4D}
		{B5BD9648-86C0-3BA6-E423-4FA6C277D393} = {E41BF75D-8408-6CD8-D898-0636267277C9}
		{2CCD9866-0DB9-7214-21B2-1DB11802CECD} = {4C0482E4-904A-EF8E-F2AA-9B6692CE4C3A}
		{E2DCA6F8-F5D8-C42C-327A-DFE21D0BB3C2} = {2CCD9866-0DB9-7214-21B2-1DB11802CECD}
		{C7F5EFEA-69EC-B825-13C3-AAFEEDE58DC3} = {E2DCA6F8-F5D8-C42C-327A-DFE21D0BB3C2}
		{2F0745AB-E6BF-FDF2-A091-3CA4B53B842D} = {C7F5EFEA-69EC-B825-13C3-AAFEEDE58DC3}
		{D2047BE0-7BB9-B77F-8F5D-FC67E340AC4B} = {E2DCA6F8-F5D8-C42C-327A-DFE21D0BB3C2}
		{E92A56BB-A6A2-70D4-225E-A1A77CC49F80} = {E2DCA6F8-F5D8-C42C-327A-DFE21D0BB3C2}
		{21C7C542-93A1-B336-EEF4-95D7B1822F42} = {2CCD9866-0DB9-7214-21B2-1DB11802CECD}
		{8D886523-6296-70AD-9B66-96ECF1E1D161} = {21C7C542-93A1-B336-EEF4-95D7B1822F42}
		{87279B84-C926-B2C3-DC87-FF8C43FF8617} = {8D886523-6296-70AD-9B66-96ECF1E1D161}
		{44527861-6731-C18A-6E3C-CA1476801D8F} = {2CCD9866-0DB9-7214-21B2-1DB11802CECD}
		{9CCE8B31-685B-1A82-9C53-54F5B0AB1533} = {44527861-6731-C18A-6E3C-CA1476801D8F}
		{41C6D854-2E7D-1E2E-A47F-121EC711779B} = {44527861-6731-C18A-6E3C-CA1476801D8F}
		{CAAF037F-C573-0105-BD94-B96C958C1CE7} = {44527861-6731-C18A-6E3C-CA1476801D8F}
		{B9E5F55A-3E86-8498-CFFB-27B21DEADF42} = {44527861-6731-C18A-6E3C-CA1476801D8F}
		{BE2DB5E9-8325-BD0A-5C16-F743F82478B3} = {D2C37D0D-6818-8C61-4D94-84FB7FBC9E4D}
		{05FB4B64-E60C-5711-88C6-A321F1F74EF8} = {BE2DB5E9-8325-BD0A-5C16-F743F82478B3}
		{F200D479-8B81-3DDF-208F-DD24F4C48DD1} = {05FB4B64-E60C-5711-88C6-A321F1F74EF8}
		{FC231668-0010-1500-9348-2864DC39CEC4} = {05FB4B64-E60C-5711-88C6-A321F1F74EF8}
		{F2225AED-F5D1-87BB-0C08-A88F28D92F21} = {BE2DB5E9-8325-BD0A-5C16-F743F82478B3}
		{024419C1-156F-7D00-0E6A-897D5CF1E6A2} = {F2225AED-F5D1-87BB-0C08-A88F28D92F21}
		{F161D514-0840-AAF3-38AA-E1F6EE79A62F} = {44527861-6731-C18A-6E3C-CA1476801D8F}
		{F16F7805-4CD8-C0FA-1BAE-3C3BE71B69F8} = {F161D514-0840-AAF3-38AA-E1F6EE79A62F}
		{06E28C1B-BBE6-6F65-EDBE-D7D425E919AA} = {05FB4B64-E60C-5711-88C6-A321F1F74EF8}
		{81AC9307-8EF5-15C5-23D1-9848381B98A6} = {06E28C1B-BBE6-6F65-EDBE-D7D425E919AA}
		{1F9CDF19-E899-5F7B-C4E1-A3C92B966748} = {F2225AED-F5D1-87BB-0C08-A88F28D92F21}
		{8B1D835C-C9BD-FD01-AD19-DF2DE0857527} = {1F9CDF19-E899-5F7B-C4E1-A3C92B966748}
	EndGlobalSection
	GlobalSection(ExtensibilityGlobals) = postSolution
		SolutionGuid = {A86E7492-F57D-49C2-B394-B41DA2A0F486}
	EndGlobalSection
EndGlobal
